
Microsoft Visual Studio Solution File, Format Version 12.00
# Visual Studio Version 17
VisualStudioVersion = 17.7.34024.191
MinimumVisualStudioVersion = 10.0.40219.1
Project("{FAE04EC0-301F-11D3-BF4B-00C04F79EFBC}") = "To Do List", "To Do List\To Do List.csproj", "{2F724682-856F-4E7F-90C0-D1D5AA231109}"
EndProject
Global
	GlobalSection(SolutionConfigurationPlatforms) = preSolution
		Debug|Any CPU = Debug|Any CPU
		Release|Any CPU = Release|Any CPU
	EndGlobalSection
	GlobalSection(ProjectConfigurationPlatforms) = postSolution
		{2F724682-856F-4E7F-90C0-D1D5AA231109}.Debug|Any CPU.ActiveCfg = Debug|Any CPU
		{2F724682-856F-4E7F-90C0-D1D5AA231109}.Debug|Any CPU.Build.0 = Debug|Any CPU
		{2F724682-856F-4E7F-90C0-D1D5AA231109}.Release|Any CPU.ActiveCfg = Release|Any CPU
		{2F724682-856F-4E7F-90C0-D1D5AA231109}.Release|Any CPU.Build.0 = Release|Any CPU
	EndGlobalSection
	GlobalSection(SolutionProperties) = preSolution
		HideSolutionNode = FALSE
	EndGlobalSection
	GlobalSection(ExtensibilityGlobals) = postSolution
		SolutionGuid = {8DEEB42E-A44C-413A-8F2B-482E70F85C91}
	EndGlobalSection
EndGlobal
